
Microsoft Visual Studio Solution File, Format Version 12.00
# Visual Studio Version 17
VisualStudioVersion = 17.8.34330.188
MinimumVisualStudioVersion = 10.0.40219.1
Project("{9A19103F-16F7-4668-BE54-9A1E7A4F7556}") = "RenoSystem", "RenoSystem\RenoSystem.csproj", "{CD6D5A29-583D-4629-893F-075B75DAD1A0}"
EndProject
Project("{9A19103F-16F7-4668-BE54-9A1E7A4F7556}") = "RenoUnitTestsEx1", "RenoUnitTestsEx1\RenoUnitTestsEx1.csproj", "{EA091757-E7BB-402D-A048-19A39812F9F2}"
EndProject
Project("{FAE04EC0-301F-11D3-BF4B-00C04F79EFBC}") = "RenoUnitTestsEx2", "RenoUnitTestsEx2\RenoUnitTestsEx2.csproj", "{A1AC02E9-88E3-4BE0-8624-DD404D4CC669}"
EndProject
Global
	GlobalSection(SolutionConfigurationPlatforms) = preSolution
		Debug|Any CPU = Debug|Any CPU
		Release|Any CPU = Release|Any CPU
	EndGlobalSection
	GlobalSection(ProjectConfigurationPlatforms) = postSolution
		{CD6D5A29-583D-4629-893F-075B75DAD1A0}.Debug|Any CPU.ActiveCfg = Debug|Any CPU
		{CD6D5A29-583D-4629-893F-075B75DAD1A0}.Debug|Any CPU.Build.0 = Debug|Any CPU
		{CD6D5A29-583D-4629-893F-075B75DAD1A0}.Release|Any CPU.ActiveCfg = Release|Any CPU
		{CD6D5A29-583D-4629-893F-075B75DAD1A0}.Release|Any CPU.Build.0 = Release|Any CPU
		{EA091757-E7BB-402D-A048-19A39812F9F2}.Debug|Any CPU.ActiveCfg = Debug|Any CPU
		{EA091757-E7BB-402D-A048-19A39812F9F2}.Debug|Any CPU.Build.0 = Debug|Any CPU
		{EA091757-E7BB-402D-A048-19A39812F9F2}.Release|Any CPU.ActiveCfg = Release|Any CPU
		{EA091757-E7BB-402D-A048-19A39812F9F2}.Release|Any CPU.Build.0 = Release|Any CPU
		{A1AC02E9-88E3-4BE0-8624-DD404D4CC669}.Debug|Any CPU.ActiveCfg = Debug|Any CPU
		{A1AC02E9-88E3-4BE0-8624-DD404D4CC669}.Debug|Any CPU.Build.0 = Debug|Any CPU
		{A1AC02E9-88E3-4BE0-8624-DD404D4CC669}.Release|Any CPU.ActiveCfg = Release|Any CPU
		{A1AC02E9-88E3-4BE0-8624-DD404D4CC669}.Release|Any CPU.Build.0 = Release|Any CPU
	EndGlobalSection
	GlobalSection(SolutionProperties) = preSolution
		HideSolutionNode = FALSE
	EndGlobalSection
	GlobalSection(ExtensibilityGlobals) = postSolution
		SolutionGuid = {C9C628DF-17DA-4D94-AB5B-A57EE63C1553}
	EndGlobalSection
EndGlobal
