
Microsoft Visual Studio Solution File, Format Version 12.00
# Visual Studio Version 17
VisualStudioVersion = 17.7.34003.232
MinimumVisualStudioVersion = 10.0.40219.1
Project("{9A19103F-16F7-4668-BE54-9A1E7A4F7556}") = "HockeyData", "HockeyData\HockeyData.csproj", "{B29DD2D4-A4BF-440E-8A54-1AF8150C5AD5}"
EndProject
Project("{9A19103F-16F7-4668-BE54-9A1E7A4F7556}") = "Utilities", "Utilities\Utilities.csproj", "{78E95BDA-5B8A-4E6F-BF70-66DFBFC6DB2D}"
EndProject
Project("{9A19103F-16F7-4668-BE54-9A1E7A4F7556}") = "HockeyConsoleApp", "HockeyConsoleApp\HockeyConsoleApp.csproj", "{4C67C718-D0A8-47C5-A051-D47969DB000B}"
EndProject
Project("{9A19103F-16F7-4668-BE54-9A1E7A4F7556}") = "HockeyTestProject", "HockeyTestProject\HockeyTestProject.csproj", "{9164D3EF-72ED-4202-A990-9B9BE92C6A9C}"
EndProject
Project("{9A19103F-16F7-4668-BE54-9A1E7A4F7556}") = "UtiltiesTestProject", "UtiltiesTestProject\UtiltiesTestProject.csproj", "{8DDD7669-D792-41B8-8861-E57E4FDDA438}"
EndProject
Project("{FAE04EC0-301F-11D3-BF4B-00C04F79EFBC}") = "BlazorApp1", "BlazorApp1\BlazorApp1.csproj", "{9408ACEF-C290-4436-9F38-3E0E6D5DB8B7}"
EndProject
Global
	GlobalSection(SolutionConfigurationPlatforms) = preSolution
		Debug|Any CPU = Debug|Any CPU
		Release|Any CPU = Release|Any CPU
	EndGlobalSection
	GlobalSection(ProjectConfigurationPlatforms) = postSolution
		{B29DD2D4-A4BF-440E-8A54-1AF8150C5AD5}.Debug|Any CPU.ActiveCfg = Debug|Any CPU
		{B29DD2D4-A4BF-440E-8A54-1AF8150C5AD5}.Debug|Any CPU.Build.0 = Debug|Any CPU
		{B29DD2D4-A4BF-440E-8A54-1AF8150C5AD5}.Release|Any CPU.ActiveCfg = Release|Any CPU
		{B29DD2D4-A4BF-440E-8A54-1AF8150C5AD5}.Release|Any CPU.Build.0 = Release|Any CPU
		{78E95BDA-5B8A-4E6F-BF70-66DFBFC6DB2D}.Debug|Any CPU.ActiveCfg = Debug|Any CPU
		{78E95BDA-5B8A-4E6F-BF70-66DFBFC6DB2D}.Debug|Any CPU.Build.0 = Debug|Any CPU
		{78E95BDA-5B8A-4E6F-BF70-66DFBFC6DB2D}.Release|Any CPU.ActiveCfg = Release|Any CPU
		{78E95BDA-5B8A-4E6F-BF70-66DFBFC6DB2D}.Release|Any CPU.Build.0 = Release|Any CPU
		{4C67C718-D0A8-47C5-A051-D47969DB000B}.Debug|Any CPU.ActiveCfg = Debug|Any CPU
		{4C67C718-D0A8-47C5-A051-D47969DB000B}.Debug|Any CPU.Build.0 = Debug|Any CPU
		{4C67C718-D0A8-47C5-A051-D47969DB000B}.Release|Any CPU.ActiveCfg = Release|Any CPU
		{4C67C718-D0A8-47C5-A051-D47969DB000B}.Release|Any CPU.Build.0 = Release|Any CPU
		{9164D3EF-72ED-4202-A990-9B9BE92C6A9C}.Debug|Any CPU.ActiveCfg = Debug|Any CPU
		{9164D3EF-72ED-4202-A990-9B9BE92C6A9C}.Debug|Any CPU.Build.0 = Debug|Any CPU
		{9164D3EF-72ED-4202-A990-9B9BE92C6A9C}.Release|Any CPU.ActiveCfg = Release|Any CPU
		{9164D3EF-72ED-4202-A990-9B9BE92C6A9C}.Release|Any CPU.Build.0 = Release|Any CPU
		{8DDD7669-D792-41B8-8861-E57E4FDDA438}.Debug|Any CPU.ActiveCfg = Debug|Any CPU
		{8DDD7669-D792-41B8-8861-E57E4FDDA438}.Debug|Any CPU.Build.0 = Debug|Any CPU
		{8DDD7669-D792-41B8-8861-E57E4FDDA438}.Release|Any CPU.ActiveCfg = Release|Any CPU
		{8DDD7669-D792-41B8-8861-E57E4FDDA438}.Release|Any CPU.Build.0 = Release|Any CPU
		{9408ACEF-C290-4436-9F38-3E0E6D5DB8B7}.Debug|Any CPU.ActiveCfg = Debug|Any CPU
		{9408ACEF-C290-4436-9F38-3E0E6D5DB8B7}.Debug|Any CPU.Build.0 = Debug|Any CPU
		{9408ACEF-C290-4436-9F38-3E0E6D5DB8B7}.Release|Any CPU.ActiveCfg = Release|Any CPU
		{9408ACEF-C290-4436-9F38-3E0E6D5DB8B7}.Release|Any CPU.Build.0 = Release|Any CPU
	EndGlobalSection
	GlobalSection(SolutionProperties) = preSolution
		HideSolutionNode = FALSE
	EndGlobalSection
	GlobalSection(ExtensibilityGlobals) = postSolution
		SolutionGuid = {35E0870F-A899-493D-864B-6BCBAF44F7E9}
	EndGlobalSection
EndGlobal
