
Microsoft Visual Studio Solution File, Format Version 12.00
# Visual Studio Version 17
VisualStudioVersion = 17.7.34003.232
MinimumVisualStudioVersion = 10.0.40219.1
Project("{FAE04EC0-301F-11D3-BF4B-00C04F79EFBC}") = "WestWindWebApp", "WestWindWebApp\WestWindWebApp.csproj", "{4C311956-AE75-4C37-9E44-4D52E9F877D3}"
EndProject
Project("{FAE04EC0-301F-11D3-BF4B-00C04F79EFBC}") = "WestWindSystem", "WestWindSystem\WestWindSystem.csproj", "{17FEC56A-16DF-4208-A64C-FFFF67E9FACD}"
EndProject
Project("{FAE04EC0-301F-11D3-BF4B-00C04F79EFBC}") = "WestWindConsoleApp", "WestWindConsoleApp\WestWindConsoleApp.csproj", "{338E140B-111C-474B-8C9E-6670054BF868}"
EndProject
Global
	GlobalSection(SolutionConfigurationPlatforms) = preSolution
		Debug|Any CPU = Debug|Any CPU
		Release|Any CPU = Release|Any CPU
	EndGlobalSection
	GlobalSection(ProjectConfigurationPlatforms) = postSolution
		{4C311956-AE75-4C37-9E44-4D52E9F877D3}.Debug|Any CPU.ActiveCfg = Debug|Any CPU
		{4C311956-AE75-4C37-9E44-4D52E9F877D3}.Debug|Any CPU.Build.0 = Debug|Any CPU
		{4C311956-AE75-4C37-9E44-4D52E9F877D3}.Release|Any CPU.ActiveCfg = Release|Any CPU
		{4C311956-AE75-4C37-9E44-4D52E9F877D3}.Release|Any CPU.Build.0 = Release|Any CPU
		{17FEC56A-16DF-4208-A64C-FFFF67E9FACD}.Debug|Any CPU.ActiveCfg = Debug|Any CPU
		{17FEC56A-16DF-4208-A64C-FFFF67E9FACD}.Debug|Any CPU.Build.0 = Debug|Any CPU
		{17FEC56A-16DF-4208-A64C-FFFF67E9FACD}.Release|Any CPU.ActiveCfg = Release|Any CPU
		{17FEC56A-16DF-4208-A64C-FFFF67E9FACD}.Release|Any CPU.Build.0 = Release|Any CPU
		{338E140B-111C-474B-8C9E-6670054BF868}.Debug|Any CPU.ActiveCfg = Debug|Any CPU
		{338E140B-111C-474B-8C9E-6670054BF868}.Debug|Any CPU.Build.0 = Debug|Any CPU
		{338E140B-111C-474B-8C9E-6670054BF868}.Release|Any CPU.ActiveCfg = Release|Any CPU
		{338E140B-111C-474B-8C9E-6670054BF868}.Release|Any CPU.Build.0 = Release|Any CPU
	EndGlobalSection
	GlobalSection(SolutionProperties) = preSolution
		HideSolutionNode = FALSE
	EndGlobalSection
	GlobalSection(ExtensibilityGlobals) = postSolution
		SolutionGuid = {3E4A16A9-4605-45CA-9EB5-6DE3551476E7}
	EndGlobalSection
EndGlobal
